// !$*UTF8*$!
{
	archiveVersion = 1;
	classes = {
	};
	objectVersion = 46;
	objects = {

/* Begin PBXBuildFile section */
		4387EAE11E9222F800A9D6B5 /* AppDelegate.swift in Sources */ = {isa = PBXBuildFile; fileRef = 4387EAE01E9222F800A9D6B5 /* AppDelegate.swift */; };
		4387EAE61E9222F800A9D6B5 /* Main.storyboard in Resources */ = {isa = PBXBuildFile; fileRef = 4387EAE41E9222F800A9D6B5 /* Main.storyboard */; };
		4387EAE81E9222F800A9D6B5 /* Assets.xcassets in Resources */ = {isa = PBXBuildFile; fileRef = 4387EAE71E9222F800A9D6B5 /* Assets.xcassets */; };
		4387EAEB1E9222F800A9D6B5 /* LaunchScreen.storyboard in Resources */ = {isa = PBXBuildFile; fileRef = 4387EAE91E9222F800A9D6B5 /* LaunchScreen.storyboard */; };
		4387EAF61E9222F800A9D6B5 /* GitHubUTests.swift in Sources */ = {isa = PBXBuildFile; fileRef = 4387EAF51E9222F800A9D6B5 /* GitHubUTests.swift */; };
		4387EB011E9222F800A9D6B5 /* GitHubUUITests.swift in Sources */ = {isa = PBXBuildFile; fileRef = 4387EB001E9222F800A9D6B5 /* GitHubUUITests.swift */; };
		4387EB111E922AE800A9D6B5 /* UserSearchController.swift in Sources */ = {isa = PBXBuildFile; fileRef = 4387EB101E922AE800A9D6B5 /* UserSearchController.swift */; };
		4387EB151E922D3D00A9D6B5 /* User.swift in Sources */ = {isa = PBXBuildFile; fileRef = 4387EB141E922D3D00A9D6B5 /* User.swift */; };
		4387EB171E922DED00A9D6B5 /* UserViewCell.swift in Sources */ = {isa = PBXBuildFile; fileRef = 4387EB161E922DED00A9D6B5 /* UserViewCell.swift */; };
		4387EB1A1E92349E00A9D6B5 /* UIViewExtentions.swift in Sources */ = {isa = PBXBuildFile; fileRef = 4387EB191E92349E00A9D6B5 /* UIViewExtentions.swift */; };
		4387EB1C1E9234C700A9D6B5 /* UIImageViewExtentions.swift in Sources */ = {isa = PBXBuildFile; fileRef = 4387EB1B1E9234C700A9D6B5 /* UIImageViewExtentions.swift */; };
		4387EB1F1E92383F00A9D6B5 /* StringExtension.swift in Sources */ = {isa = PBXBuildFile; fileRef = 4387EB1E1E92383F00A9D6B5 /* StringExtension.swift */; };
		4387EB211E923C4600A9D6B5 /* MBProgressHUDExtension.swift in Sources */ = {isa = PBXBuildFile; fileRef = 4387EB201E923C4600A9D6B5 /* MBProgressHUDExtension.swift */; };
		4387EB241E923C7D00A9D6B5 /* Localizable.strings in Resources */ = {isa = PBXBuildFile; fileRef = 4387EB231E923C7D00A9D6B5 /* Localizable.strings */; };
		4387EB291E923EA400A9D6B5 /* UsersRepository.swift in Sources */ = {isa = PBXBuildFile; fileRef = 4387EB281E923EA400A9D6B5 /* UsersRepository.swift */; };
		4387EB2B1E923FD000A9D6B5 /* ComponentProvider.swift in Sources */ = {isa = PBXBuildFile; fileRef = 4387EB2A1E923FCF00A9D6B5 /* ComponentProvider.swift */; };
		4387EB2F1E92474800A9D6B5 /* RestApiClient.swift in Sources */ = {isa = PBXBuildFile; fileRef = 4387EB2E1E92474800A9D6B5 /* RestApiClient.swift */; };
		4387EB311E9247BE00A9D6B5 /* URLRequestExtention.swift in Sources */ = {isa = PBXBuildFile; fileRef = 4387EB301E9247BE00A9D6B5 /* URLRequestExtention.swift */; };
		4387EB331E92480D00A9D6B5 /* RequestError.swift in Sources */ = {isa = PBXBuildFile; fileRef = 4387EB321E92480D00A9D6B5 /* RequestError.swift */; };
		4387EB351E9248AF00A9D6B5 /* RxAlamofireExtensions.swift in Sources */ = {isa = PBXBuildFile; fileRef = 4387EB341E9248AF00A9D6B5 /* RxAlamofireExtensions.swift */; };
		4387EB381E9249BA00A9D6B5 /* RxAlamofire.swift in Sources */ = {isa = PBXBuildFile; fileRef = 4387EB371E9249BA00A9D6B5 /* RxAlamofire.swift */; };
		4387EB3C1E924A2500A9D6B5 /* UsersApi.swift in Sources */ = {isa = PBXBuildFile; fileRef = 4387EB3B1E924A2500A9D6B5 /* UsersApi.swift */; };
		4387EB3E1E924A8700A9D6B5 /* SearchApi.swift in Sources */ = {isa = PBXBuildFile; fileRef = 4387EB3D1E924A8700A9D6B5 /* SearchApi.swift */; };
		4387EB401E924A9000A9D6B5 /* ReposApi.swift in Sources */ = {isa = PBXBuildFile; fileRef = 4387EB3F1E924A9000A9D6B5 /* ReposApi.swift */; };
		4387EB421E924AF200A9D6B5 /* Repo.swift in Sources */ = {isa = PBXBuildFile; fileRef = 4387EB411E924AF200A9D6B5 /* Repo.swift */; };
		4387EB451E924B7800A9D6B5 /* UserSearchResultDto.swift in Sources */ = {isa = PBXBuildFile; fileRef = 4387EB441E924B7800A9D6B5 /* UserSearchResultDto.swift */; };
		4387EB471E924DD300A9D6B5 /* ApiFactory.swift in Sources */ = {isa = PBXBuildFile; fileRef = 4387EB461E924DD300A9D6B5 /* ApiFactory.swift */; };
		4387EB491E92508300A9D6B5 /* BaseRepository.swift in Sources */ = {isa = PBXBuildFile; fileRef = 4387EB481E92508300A9D6B5 /* BaseRepository.swift */; };
		43B56D541E925DC800EF68B1 /* UserSearchView.swift in Sources */ = {isa = PBXBuildFile; fileRef = 43B56D531E925DC800EF68B1 /* UserSearchView.swift */; };
		43B56D561E925DD300EF68B1 /* UserSearchPresenter.swift in Sources */ = {isa = PBXBuildFile; fileRef = 43B56D551E925DD300EF68B1 /* UserSearchPresenter.swift */; };
		43B56D581E925E6D00EF68B1 /* UIAlertControllerExtentions.swift in Sources */ = {isa = PBXBuildFile; fileRef = 43B56D571E925E6D00EF68B1 /* UIAlertControllerExtentions.swift */; };
		43B56D5B1E92653900EF68B1 /* UserReposController.swift in Sources */ = {isa = PBXBuildFile; fileRef = 43B56D5A1E92653900EF68B1 /* UserReposController.swift */; };
		43B56D5E1E92660900EF68B1 /* CardView.swift in Sources */ = {isa = PBXBuildFile; fileRef = 43B56D5D1E92660900EF68B1 /* CardView.swift */; };
		43B56D601E9266FD00EF68B1 /* UserRepoViewCell.swift in Sources */ = {isa = PBXBuildFile; fileRef = 43B56D5F1E9266FD00EF68B1 /* UserRepoViewCell.swift */; };
		43B56D621E92788D00EF68B1 /* ReposRepository.swift in Sources */ = {isa = PBXBuildFile; fileRef = 43B56D611E92788D00EF68B1 /* ReposRepository.swift */; };
		43B56D641E92843800EF68B1 /* UIViewControllerExtentions.swift in Sources */ = {isa = PBXBuildFile; fileRef = 43B56D631E92843800EF68B1 /* UIViewControllerExtentions.swift */; };
		43B56D661E928A0E00EF68B1 /* UserInfoViewHeader.swift in Sources */ = {isa = PBXBuildFile; fileRef = 43B56D651E928A0E00EF68B1 /* UserInfoViewHeader.swift */; };
		43B56D6A1E9298AF00EF68B1 /* BaseNavigationController.swift in Sources */ = {isa = PBXBuildFile; fileRef = 43B56D691E9298AF00EF68B1 /* BaseNavigationController.swift */; };
		43B56D6C1E92A6AD00EF68B1 /* UserReposView.swift in Sources */ = {isa = PBXBuildFile; fileRef = 43B56D6B1E92A6AD00EF68B1 /* UserReposView.swift */; };
		43B56D6E1E92A6B700EF68B1 /* UserReposPresenter.swift in Sources */ = {isa = PBXBuildFile; fileRef = 43B56D6D1E92A6B700EF68B1 /* UserReposPresenter.swift */; };
		43B56D701E92A6F500EF68B1 /* UserView.swift in Sources */ = {isa = PBXBuildFile; fileRef = 43B56D6F1E92A6F500EF68B1 /* UserView.swift */; };
		5E8E96DBA0771851D80A5318 /* Pods_GitHubU_GitHubUTests.framework in Frameworks */ = {isa = PBXBuildFile; fileRef = 97EF7DDC87445A2945E389D8 /* Pods_GitHubU_GitHubUTests.framework */; };
		7104D77DA050647CB46E10BF /* Pods_GitHubUUITests.framework in Frameworks */ = {isa = PBXBuildFile; fileRef = D505DA4033D7DE6601BD8A4A /* Pods_GitHubUUITests.framework */; };
		9DDD4343FE46B6D12A44ACD5 /* Pods_GitHubU.framework in Frameworks */ = {isa = PBXBuildFile; fileRef = 342ADFDF0C1018630EC27A09 /* Pods_GitHubU.framework */; };
/* End PBXBuildFile section */

/* Begin PBXContainerItemProxy section */
		4387EAF21E9222F800A9D6B5 /* PBXContainerItemProxy */ = {
			isa = PBXContainerItemProxy;
			containerPortal = 4387EAD51E9222F800A9D6B5 /* Project object */;
			proxyType = 1;
			remoteGlobalIDString = 4387EADC1E9222F800A9D6B5;
			remoteInfo = GitHubU;
		};
		4387EAFD1E9222F800A9D6B5 /* PBXContainerItemProxy */ = {
			isa = PBXContainerItemProxy;
			containerPortal = 4387EAD51E9222F800A9D6B5 /* Project object */;
			proxyType = 1;
			remoteGlobalIDString = 4387EADC1E9222F800A9D6B5;
			remoteInfo = GitHubU;
		};
/* End PBXContainerItemProxy section */

/* Begin PBXFileReference section */
		342ADFDF0C1018630EC27A09 /* Pods_GitHubU.framework */ = {isa = PBXFileReference; explicitFileType = wrapper.framework; includeInIndex = 0; path = Pods_GitHubU.framework; sourceTree = BUILT_PRODUCTS_DIR; };
		37583A60500D456196489F77 /* Pods-GitHubUUITests.debug.xcconfig */ = {isa = PBXFileReference; includeInIndex = 1; lastKnownFileType = text.xcconfig; name = "Pods-GitHubUUITests.debug.xcconfig"; path = "Pods/Target Support Files/Pods-GitHubUUITests/Pods-GitHubUUITests.debug.xcconfig"; sourceTree = "<group>"; };
		3C509684CF1F2341E8DABE6C /* Pods-GitHubU-GitHubUTests.debug.xcconfig */ = {isa = PBXFileReference; includeInIndex = 1; lastKnownFileType = text.xcconfig; name = "Pods-GitHubU-GitHubUTests.debug.xcconfig"; path = "Pods/Target Support Files/Pods-GitHubU-GitHubUTests/Pods-GitHubU-GitHubUTests.debug.xcconfig"; sourceTree = "<group>"; };
		4387EADD1E9222F800A9D6B5 /* GitHubU.app */ = {isa = PBXFileReference; explicitFileType = wrapper.application; includeInIndex = 0; path = GitHubU.app; sourceTree = BUILT_PRODUCTS_DIR; };
		4387EAE01E9222F800A9D6B5 /* AppDelegate.swift */ = {isa = PBXFileReference; lastKnownFileType = sourcecode.swift; path = AppDelegate.swift; sourceTree = "<group>"; };
		4387EAE51E9222F800A9D6B5 /* Base */ = {isa = PBXFileReference; lastKnownFileType = file.storyboard; name = Base; path = Base.lproj/Main.storyboard; sourceTree = "<group>"; };
		4387EAE71E9222F800A9D6B5 /* Assets.xcassets */ = {isa = PBXFileReference; lastKnownFileType = folder.assetcatalog; path = Assets.xcassets; sourceTree = "<group>"; };
		4387EAEA1E9222F800A9D6B5 /* Base */ = {isa = PBXFileReference; lastKnownFileType = file.storyboard; name = Base; path = Base.lproj/LaunchScreen.storyboard; sourceTree = "<group>"; };
		4387EAEC1E9222F800A9D6B5 /* Info.plist */ = {isa = PBXFileReference; lastKnownFileType = text.plist.xml; path = Info.plist; sourceTree = "<group>"; };
		4387EAF11E9222F800A9D6B5 /* GitHubUTests.xctest */ = {isa = PBXFileReference; explicitFileType = wrapper.cfbundle; includeInIndex = 0; path = GitHubUTests.xctest; sourceTree = BUILT_PRODUCTS_DIR; };
		4387EAF51E9222F800A9D6B5 /* GitHubUTests.swift */ = {isa = PBXFileReference; lastKnownFileType = sourcecode.swift; path = GitHubUTests.swift; sourceTree = "<group>"; };
		4387EAF71E9222F800A9D6B5 /* Info.plist */ = {isa = PBXFileReference; lastKnownFileType = text.plist.xml; path = Info.plist; sourceTree = "<group>"; };
		4387EAFC1E9222F800A9D6B5 /* GitHubUUITests.xctest */ = {isa = PBXFileReference; explicitFileType = wrapper.cfbundle; includeInIndex = 0; path = GitHubUUITests.xctest; sourceTree = BUILT_PRODUCTS_DIR; };
		4387EB001E9222F800A9D6B5 /* GitHubUUITests.swift */ = {isa = PBXFileReference; lastKnownFileType = sourcecode.swift; path = GitHubUUITests.swift; sourceTree = "<group>"; };
		4387EB021E9222F800A9D6B5 /* Info.plist */ = {isa = PBXFileReference; lastKnownFileType = text.plist.xml; path = Info.plist; sourceTree = "<group>"; };
		4387EB101E922AE800A9D6B5 /* UserSearchController.swift */ = {isa = PBXFileReference; fileEncoding = 4; lastKnownFileType = sourcecode.swift; path = UserSearchController.swift; sourceTree = "<group>"; };
		4387EB141E922D3D00A9D6B5 /* User.swift */ = {isa = PBXFileReference; fileEncoding = 4; lastKnownFileType = sourcecode.swift; path = User.swift; sourceTree = "<group>"; };
		4387EB161E922DED00A9D6B5 /* UserViewCell.swift */ = {isa = PBXFileReference; fileEncoding = 4; lastKnownFileType = sourcecode.swift; path = UserViewCell.swift; sourceTree = "<group>"; };
		4387EB191E92349E00A9D6B5 /* UIViewExtentions.swift */ = {isa = PBXFileReference; fileEncoding = 4; lastKnownFileType = sourcecode.swift; path = UIViewExtentions.swift; sourceTree = "<group>"; };
		4387EB1B1E9234C700A9D6B5 /* UIImageViewExtentions.swift */ = {isa = PBXFileReference; fileEncoding = 4; lastKnownFileType = sourcecode.swift; path = UIImageViewExtentions.swift; sourceTree = "<group>"; };
		4387EB1E1E92383F00A9D6B5 /* StringExtension.swift */ = {isa = PBXFileReference; fileEncoding = 4; lastKnownFileType = sourcecode.swift; path = StringExtension.swift; sourceTree = "<group>"; };
		4387EB201E923C4600A9D6B5 /* MBProgressHUDExtension.swift */ = {isa = PBXFileReference; fileEncoding = 4; lastKnownFileType = sourcecode.swift; path = MBProgressHUDExtension.swift; sourceTree = "<group>"; };
		4387EB231E923C7D00A9D6B5 /* Localizable.strings */ = {isa = PBXFileReference; fileEncoding = 4; lastKnownFileType = text.plist.strings; path = Localizable.strings; sourceTree = "<group>"; };
		4387EB281E923EA400A9D6B5 /* UsersRepository.swift */ = {isa = PBXFileReference; fileEncoding = 4; lastKnownFileType = sourcecode.swift; path = UsersRepository.swift; sourceTree = "<group>"; };
		4387EB2A1E923FCF00A9D6B5 /* ComponentProvider.swift */ = {isa = PBXFileReference; fileEncoding = 4; lastKnownFileType = sourcecode.swift; path = ComponentProvider.swift; sourceTree = "<group>"; };
		4387EB2E1E92474800A9D6B5 /* RestApiClient.swift */ = {isa = PBXFileReference; fileEncoding = 4; lastKnownFileType = sourcecode.swift; path = RestApiClient.swift; sourceTree = "<group>"; };
		4387EB301E9247BE00A9D6B5 /* URLRequestExtention.swift */ = {isa = PBXFileReference; fileEncoding = 4; lastKnownFileType = sourcecode.swift; path = URLRequestExtention.swift; sourceTree = "<group>"; };
		4387EB321E92480D00A9D6B5 /* RequestError.swift */ = {isa = PBXFileReference; fileEncoding = 4; lastKnownFileType = sourcecode.swift; path = RequestError.swift; sourceTree = "<group>"; };
		4387EB341E9248AF00A9D6B5 /* RxAlamofireExtensions.swift */ = {isa = PBXFileReference; fileEncoding = 4; lastKnownFileType = sourcecode.swift; path = RxAlamofireExtensions.swift; sourceTree = "<group>"; };
		4387EB371E9249BA00A9D6B5 /* RxAlamofire.swift */ = {isa = PBXFileReference; fileEncoding = 4; lastKnownFileType = sourcecode.swift; path = RxAlamofire.swift; sourceTree = "<group>"; };
		4387EB3B1E924A2500A9D6B5 /* UsersApi.swift */ = {isa = PBXFileReference; fileEncoding = 4; lastKnownFileType = sourcecode.swift; path = UsersApi.swift; sourceTree = "<group>"; };
		4387EB3D1E924A8700A9D6B5 /* SearchApi.swift */ = {isa = PBXFileReference; fileEncoding = 4; lastKnownFileType = sourcecode.swift; path = SearchApi.swift; sourceTree = "<group>"; };
		4387EB3F1E924A9000A9D6B5 /* ReposApi.swift */ = {isa = PBXFileReference; fileEncoding = 4; lastKnownFileType = sourcecode.swift; path = ReposApi.swift; sourceTree = "<group>"; };
		4387EB411E924AF200A9D6B5 /* Repo.swift */ = {isa = PBXFileReference; fileEncoding = 4; lastKnownFileType = sourcecode.swift; path = Repo.swift; sourceTree = "<group>"; };
		4387EB441E924B7800A9D6B5 /* UserSearchResultDto.swift */ = {isa = PBXFileReference; fileEncoding = 4; lastKnownFileType = sourcecode.swift; path = UserSearchResultDto.swift; sourceTree = "<group>"; };
		4387EB461E924DD300A9D6B5 /* ApiFactory.swift */ = {isa = PBXFileReference; fileEncoding = 4; lastKnownFileType = sourcecode.swift; path = ApiFactory.swift; sourceTree = "<group>"; };
		4387EB481E92508300A9D6B5 /* BaseRepository.swift */ = {isa = PBXFileReference; fileEncoding = 4; lastKnownFileType = sourcecode.swift; path = BaseRepository.swift; sourceTree = "<group>"; };
		43B56D531E925DC800EF68B1 /* UserSearchView.swift */ = {isa = PBXFileReference; fileEncoding = 4; lastKnownFileType = sourcecode.swift; path = UserSearchView.swift; sourceTree = "<group>"; };
		43B56D551E925DD300EF68B1 /* UserSearchPresenter.swift */ = {isa = PBXFileReference; fileEncoding = 4; lastKnownFileType = sourcecode.swift; path = UserSearchPresenter.swift; sourceTree = "<group>"; };
		43B56D571E925E6D00EF68B1 /* UIAlertControllerExtentions.swift */ = {isa = PBXFileReference; fileEncoding = 4; lastKnownFileType = sourcecode.swift; path = UIAlertControllerExtentions.swift; sourceTree = "<group>"; };
		43B56D5A1E92653900EF68B1 /* UserReposController.swift */ = {isa = PBXFileReference; fileEncoding = 4; lastKnownFileType = sourcecode.swift; path = UserReposController.swift; sourceTree = "<group>"; };
		43B56D5D1E92660900EF68B1 /* CardView.swift */ = {isa = PBXFileReference; fileEncoding = 4; lastKnownFileType = sourcecode.swift; path = CardView.swift; sourceTree = "<group>"; };
		43B56D5F1E9266FD00EF68B1 /* UserRepoViewCell.swift */ = {isa = PBXFileReference; fileEncoding = 4; lastKnownFileType = sourcecode.swift; path = UserRepoViewCell.swift; sourceTree = "<group>"; };
		43B56D611E92788D00EF68B1 /* ReposRepository.swift */ = {isa = PBXFileReference; fileEncoding = 4; lastKnownFileType = sourcecode.swift; path = ReposRepository.swift; sourceTree = "<group>"; };
		43B56D631E92843800EF68B1 /* UIViewControllerExtentions.swift */ = {isa = PBXFileReference; fileEncoding = 4; lastKnownFileType = sourcecode.swift; path = UIViewControllerExtentions.swift; sourceTree = "<group>"; };
		43B56D651E928A0E00EF68B1 /* UserInfoViewHeader.swift */ = {isa = PBXFileReference; fileEncoding = 4; lastKnownFileType = sourcecode.swift; path = UserInfoViewHeader.swift; sourceTree = "<group>"; };
		43B56D691E9298AF00EF68B1 /* BaseNavigationController.swift */ = {isa = PBXFileReference; fileEncoding = 4; lastKnownFileType = sourcecode.swift; path = BaseNavigationController.swift; sourceTree = "<group>"; };
		43B56D6B1E92A6AD00EF68B1 /* UserReposView.swift */ = {isa = PBXFileReference; fileEncoding = 4; lastKnownFileType = sourcecode.swift; path = UserReposView.swift; sourceTree = "<group>"; };
		43B56D6D1E92A6B700EF68B1 /* UserReposPresenter.swift */ = {isa = PBXFileReference; fileEncoding = 4; lastKnownFileType = sourcecode.swift; path = UserReposPresenter.swift; sourceTree = "<group>"; };
		43B56D6F1E92A6F500EF68B1 /* UserView.swift */ = {isa = PBXFileReference; fileEncoding = 4; lastKnownFileType = sourcecode.swift; path = UserView.swift; sourceTree = "<group>"; };
		89ACBC36277FC5CA75E685D3 /* Pods-GitHubU.release.xcconfig */ = {isa = PBXFileReference; includeInIndex = 1; lastKnownFileType = text.xcconfig; name = "Pods-GitHubU.release.xcconfig"; path = "Pods/Target Support Files/Pods-GitHubU/Pods-GitHubU.release.xcconfig"; sourceTree = "<group>"; };
		927DEE52ACFB43D546F4D53F /* Pods-GitHubU.debug.xcconfig */ = {isa = PBXFileReference; includeInIndex = 1; lastKnownFileType = text.xcconfig; name = "Pods-GitHubU.debug.xcconfig"; path = "Pods/Target Support Files/Pods-GitHubU/Pods-GitHubU.debug.xcconfig"; sourceTree = "<group>"; };
		97EF7DDC87445A2945E389D8 /* Pods_GitHubU_GitHubUTests.framework */ = {isa = PBXFileReference; explicitFileType = wrapper.framework; includeInIndex = 0; path = Pods_GitHubU_GitHubUTests.framework; sourceTree = BUILT_PRODUCTS_DIR; };
		9FD3CEC09B7870A95D402E4E /* Pods-GitHubU-GitHubUTests.release.xcconfig */ = {isa = PBXFileReference; includeInIndex = 1; lastKnownFileType = text.xcconfig; name = "Pods-GitHubU-GitHubUTests.release.xcconfig"; path = "Pods/Target Support Files/Pods-GitHubU-GitHubUTests/Pods-GitHubU-GitHubUTests.release.xcconfig"; sourceTree = "<group>"; };
		D505DA4033D7DE6601BD8A4A /* Pods_GitHubUUITests.framework */ = {isa = PBXFileReference; explicitFileType = wrapper.framework; includeInIndex = 0; path = Pods_GitHubUUITests.framework; sourceTree = BUILT_PRODUCTS_DIR; };
		E76F1F609966F6D8CFDF1478 /* Pods-GitHubUUITests.release.xcconfig */ = {isa = PBXFileReference; includeInIndex = 1; lastKnownFileType = text.xcconfig; name = "Pods-GitHubUUITests.release.xcconfig"; path = "Pods/Target Support Files/Pods-GitHubUUITests/Pods-GitHubUUITests.release.xcconfig"; sourceTree = "<group>"; };
/* End PBXFileReference section */

/* Begin PBXFrameworksBuildPhase section */
		4387EADA1E9222F800A9D6B5 /* Frameworks */ = {
			isa = PBXFrameworksBuildPhase;
			buildActionMask = 2147483647;
			files = (
				9DDD4343FE46B6D12A44ACD5 /* Pods_GitHubU.framework in Frameworks */,
			);
			runOnlyForDeploymentPostprocessing = 0;
		};
		4387EAEE1E9222F800A9D6B5 /* Frameworks */ = {
			isa = PBXFrameworksBuildPhase;
			buildActionMask = 2147483647;
			files = (
				5E8E96DBA0771851D80A5318 /* Pods_GitHubU_GitHubUTests.framework in Frameworks */,
			);
			runOnlyForDeploymentPostprocessing = 0;
		};
		4387EAF91E9222F800A9D6B5 /* Frameworks */ = {
			isa = PBXFrameworksBuildPhase;
			buildActionMask = 2147483647;
			files = (
				7104D77DA050647CB46E10BF /* Pods_GitHubUUITests.framework in Frameworks */,
			);
			runOnlyForDeploymentPostprocessing = 0;
		};
/* End PBXFrameworksBuildPhase section */

/* Begin PBXGroup section */
		4387EAD41E9222F800A9D6B5 = {
			isa = PBXGroup;
			children = (
				4387EADF1E9222F800A9D6B5 /* GitHubU */,
				4387EAF41E9222F800A9D6B5 /* GitHubUTests */,
				4387EAFF1E9222F800A9D6B5 /* GitHubUUITests */,
				4387EADE1E9222F800A9D6B5 /* Products */,
				A2279C057F359B78B36E4DF5 /* Pods */,
				CCFB03B81C0B76FF841C2421 /* Frameworks */,
			);
			sourceTree = "<group>";
		};
		4387EADE1E9222F800A9D6B5 /* Products */ = {
			isa = PBXGroup;
			children = (
				4387EADD1E9222F800A9D6B5 /* GitHubU.app */,
				4387EAF11E9222F800A9D6B5 /* GitHubUTests.xctest */,
				4387EAFC1E9222F800A9D6B5 /* GitHubUUITests.xctest */,
			);
			name = Products;
			sourceTree = "<group>";
		};
		4387EADF1E9222F800A9D6B5 /* GitHubU */ = {
			isa = PBXGroup;
			children = (
				4387EB2C1E92473B00A9D6B5 /* Api */,
				4387EB121E922B1F00A9D6B5 /* App */,
				4387EAE71E9222F800A9D6B5 /* Assets.xcassets */,
				4387EB1D1E92383500A9D6B5 /* Extentions */,
				4387EAEC1E9222F800A9D6B5 /* Info.plist */,
				4387EB131E922D3200A9D6B5 /* Model */,
				4387EB251E923E8400A9D6B5 /* Repository */,
				4387EB0E1E922A8C00A9D6B5 /* UI */,
			);
			path = GitHubU;
			sourceTree = "<group>";
		};
		4387EAF41E9222F800A9D6B5 /* GitHubUTests */ = {
			isa = PBXGroup;
			children = (
				4387EAF51E9222F800A9D6B5 /* GitHubUTests.swift */,
				4387EAF71E9222F800A9D6B5 /* Info.plist */,
			);
			path = GitHubUTests;
			sourceTree = "<group>";
		};
		4387EAFF1E9222F800A9D6B5 /* GitHubUUITests */ = {
			isa = PBXGroup;
			children = (
				4387EB001E9222F800A9D6B5 /* GitHubUUITests.swift */,
				4387EB021E9222F800A9D6B5 /* Info.plist */,
			);
			path = GitHubUUITests;
			sourceTree = "<group>";
		};
		4387EB0E1E922A8C00A9D6B5 /* UI */ = {
			isa = PBXGroup;
			children = (
				43B56D691E9298AF00EF68B1 /* BaseNavigationController.swift */,
				4387EB181E92348400A9D6B5 /* Extentions */,
				4387EAE91E9222F800A9D6B5 /* LaunchScreen.storyboard */,
				4387EAE41E9222F800A9D6B5 /* Main.storyboard */,
				43B56D591E92651800EF68B1 /* Repos */,
				4387EB0F1E922AC700A9D6B5 /* Search */,
				4387EB221E923C5A00A9D6B5 /* Strings */,
				43B56D5C1E9265ED00EF68B1 /* Views */,
			);
			name = UI;
			sourceTree = "<group>";
		};
		4387EB0F1E922AC700A9D6B5 /* Search */ = {
			isa = PBXGroup;
			children = (
				4387EB101E922AE800A9D6B5 /* UserSearchController.swift */,
				43B56D551E925DD300EF68B1 /* UserSearchPresenter.swift */,
				43B56D531E925DC800EF68B1 /* UserSearchView.swift */,
				4387EB161E922DED00A9D6B5 /* UserViewCell.swift */,
			);
			name = Search;
			sourceTree = "<group>";
		};
		4387EB121E922B1F00A9D6B5 /* App */ = {
			isa = PBXGroup;
			children = (
				4387EAE01E9222F800A9D6B5 /* AppDelegate.swift */,
				4387EB2A1E923FCF00A9D6B5 /* ComponentProvider.swift */,
			);
			name = App;
			sourceTree = "<group>";
		};
		4387EB131E922D3200A9D6B5 /* Model */ = {
			isa = PBXGroup;
			children = (
				4387EB141E922D3D00A9D6B5 /* User.swift */,
				4387EB411E924AF200A9D6B5 /* Repo.swift */,
			);
			name = Model;
			sourceTree = "<group>";
		};
		4387EB181E92348400A9D6B5 /* Extentions */ = {
			isa = PBXGroup;
			children = (
				4387EB201E923C4600A9D6B5 /* MBProgressHUDExtension.swift */,
				43B56D571E925E6D00EF68B1 /* UIAlertControllerExtentions.swift */,
				4387EB1B1E9234C700A9D6B5 /* UIImageViewExtentions.swift */,
				43B56D631E92843800EF68B1 /* UIViewControllerExtentions.swift */,
				4387EB191E92349E00A9D6B5 /* UIViewExtentions.swift */,
			);
			name = Extentions;
			sourceTree = "<group>";
		};
		4387EB1D1E92383500A9D6B5 /* Extentions */ = {
			isa = PBXGroup;
			children = (
				4387EB1E1E92383F00A9D6B5 /* StringExtension.swift */,
			);
			name = Extentions;
			sourceTree = "<group>";
		};
		4387EB221E923C5A00A9D6B5 /* Strings */ = {
			isa = PBXGroup;
			children = (
				4387EB231E923C7D00A9D6B5 /* Localizable.strings */,
			);
			name = Strings;
			sourceTree = "<group>";
		};
		4387EB251E923E8400A9D6B5 /* Repository */ = {
			isa = PBXGroup;
			children = (
				4387EB271E923E9300A9D6B5 /* Repos */,
				4387EB261E923E8E00A9D6B5 /* Users */,
				4387EB481E92508300A9D6B5 /* BaseRepository.swift */,
			);
			name = Repository;
			sourceTree = "<group>";
		};
		4387EB261E923E8E00A9D6B5 /* Users */ = {
			isa = PBXGroup;
			children = (
				4387EB281E923EA400A9D6B5 /* UsersRepository.swift */,
			);
			name = Users;
			sourceTree = "<group>";
		};
		4387EB271E923E9300A9D6B5 /* Repos */ = {
			isa = PBXGroup;
			children = (
				43B56D611E92788D00EF68B1 /* ReposRepository.swift */,
			);
			name = Repos;
			sourceTree = "<group>";
		};
		4387EB2C1E92473B00A9D6B5 /* Api */ = {
			isa = PBXGroup;
			children = (
				4387EB461E924DD300A9D6B5 /* ApiFactory.swift */,
				4387EB2D1E92474100A9D6B5 /* Commons */,
				4387EB431E924B6900A9D6B5 /* Dto */,
				4387EB361E9248B600A9D6B5 /* Extentions */,
				4387EB3F1E924A9000A9D6B5 /* ReposApi.swift */,
				4387EB3D1E924A8700A9D6B5 /* SearchApi.swift */,
				4387EB3B1E924A2500A9D6B5 /* UsersApi.swift */,
			);
			name = Api;
			sourceTree = "<group>";
		};
		4387EB2D1E92474100A9D6B5 /* Commons */ = {
			isa = PBXGroup;
			children = (
				4387EB2E1E92474800A9D6B5 /* RestApiClient.swift */,
				4387EB321E92480D00A9D6B5 /* RequestError.swift */,
			);
			name = Commons;
			sourceTree = "<group>";
		};
		4387EB361E9248B600A9D6B5 /* Extentions */ = {
			isa = PBXGroup;
			children = (
				4387EB371E9249BA00A9D6B5 /* RxAlamofire.swift */,
				4387EB341E9248AF00A9D6B5 /* RxAlamofireExtensions.swift */,
				4387EB301E9247BE00A9D6B5 /* URLRequestExtention.swift */,
			);
			name = Extentions;
			sourceTree = "<group>";
		};
		4387EB431E924B6900A9D6B5 /* Dto */ = {
			isa = PBXGroup;
			children = (
				4387EB441E924B7800A9D6B5 /* UserSearchResultDto.swift */,
			);
			name = Dto;
			sourceTree = "<group>";
		};
		43B56D591E92651800EF68B1 /* Repos */ = {
			isa = PBXGroup;
			children = (
				43B56D651E928A0E00EF68B1 /* UserInfoViewHeader.swift */,
				43B56D5A1E92653900EF68B1 /* UserReposController.swift */,
				43B56D6D1E92A6B700EF68B1 /* UserReposPresenter.swift */,
				43B56D6B1E92A6AD00EF68B1 /* UserReposView.swift */,
				43B56D5F1E9266FD00EF68B1 /* UserRepoViewCell.swift */,
				43B56D6F1E92A6F500EF68B1 /* UserView.swift */,
			);
			name = Repos;
			sourceTree = "<group>";
		};
		43B56D5C1E9265ED00EF68B1 /* Views */ = {
			isa = PBXGroup;
			children = (
				43B56D5D1E92660900EF68B1 /* CardView.swift */,
			);
			name = Views;
			sourceTree = "<group>";
		};
		A2279C057F359B78B36E4DF5 /* Pods */ = {
			isa = PBXGroup;
			children = (
				927DEE52ACFB43D546F4D53F /* Pods-GitHubU.debug.xcconfig */,
				89ACBC36277FC5CA75E685D3 /* Pods-GitHubU.release.xcconfig */,
				3C509684CF1F2341E8DABE6C /* Pods-GitHubU-GitHubUTests.debug.xcconfig */,
				9FD3CEC09B7870A95D402E4E /* Pods-GitHubU-GitHubUTests.release.xcconfig */,
				37583A60500D456196489F77 /* Pods-GitHubUUITests.debug.xcconfig */,
				E76F1F609966F6D8CFDF1478 /* Pods-GitHubUUITests.release.xcconfig */,
			);
			name = Pods;
			sourceTree = "<group>";
		};
		CCFB03B81C0B76FF841C2421 /* Frameworks */ = {
			isa = PBXGroup;
			children = (
				342ADFDF0C1018630EC27A09 /* Pods_GitHubU.framework */,
				97EF7DDC87445A2945E389D8 /* Pods_GitHubU_GitHubUTests.framework */,
				D505DA4033D7DE6601BD8A4A /* Pods_GitHubUUITests.framework */,
			);
			name = Frameworks;
			sourceTree = "<group>";
		};
/* End PBXGroup section */

/* Begin PBXNativeTarget section */
		4387EADC1E9222F800A9D6B5 /* GitHubU */ = {
			isa = PBXNativeTarget;
			buildConfigurationList = 4387EB051E9222F800A9D6B5 /* Build configuration list for PBXNativeTarget "GitHubU" */;
			buildPhases = (
				56DB1288252AF14DEE70A85D /* [CP] Check Pods Manifest.lock */,
				4387EAD91E9222F800A9D6B5 /* Sources */,
				4387EADA1E9222F800A9D6B5 /* Frameworks */,
				4387EADB1E9222F800A9D6B5 /* Resources */,
				7F0304CF19922808D3E5AF8B /* [CP] Embed Pods Frameworks */,
				97FA0ACE1B3D8EC0571FE35A /* [CP] Copy Pods Resources */,
			);
			buildRules = (
			);
			dependencies = (
			);
			name = GitHubU;
			productName = GitHubU;
			productReference = 4387EADD1E9222F800A9D6B5 /* GitHubU.app */;
			productType = "com.apple.product-type.application";
		};
		4387EAF01E9222F800A9D6B5 /* GitHubUTests */ = {
			isa = PBXNativeTarget;
			buildConfigurationList = 4387EB081E9222F800A9D6B5 /* Build configuration list for PBXNativeTarget "GitHubUTests" */;
			buildPhases = (
				6592354068DF3393637E6051 /* [CP] Check Pods Manifest.lock */,
				4387EAED1E9222F800A9D6B5 /* Sources */,
				4387EAEE1E9222F800A9D6B5 /* Frameworks */,
				4387EAEF1E9222F800A9D6B5 /* Resources */,
				6B688711D5FA8A1AC397441D /* [CP] Embed Pods Frameworks */,
				1BF4E4F4505900075D5AFF62 /* [CP] Copy Pods Resources */,
			);
			buildRules = (
			);
			dependencies = (
				4387EAF31E9222F800A9D6B5 /* PBXTargetDependency */,
			);
			name = GitHubUTests;
			productName = GitHubUTests;
			productReference = 4387EAF11E9222F800A9D6B5 /* GitHubUTests.xctest */;
			productType = "com.apple.product-type.bundle.unit-test";
		};
		4387EAFB1E9222F800A9D6B5 /* GitHubUUITests */ = {
			isa = PBXNativeTarget;
			buildConfigurationList = 4387EB0B1E9222F800A9D6B5 /* Build configuration list for PBXNativeTarget "GitHubUUITests" */;
			buildPhases = (
				AB9D069075BCE9EC73DB0D8C /* [CP] Check Pods Manifest.lock */,
				4387EAF81E9222F800A9D6B5 /* Sources */,
				4387EAF91E9222F800A9D6B5 /* Frameworks */,
				4387EAFA1E9222F800A9D6B5 /* Resources */,
				54A70ABB75B0F599471AF6C8 /* [CP] Embed Pods Frameworks */,
				17B6D1466428CD2633208579 /* [CP] Copy Pods Resources */,
			);
			buildRules = (
			);
			dependencies = (
				4387EAFE1E9222F800A9D6B5 /* PBXTargetDependency */,
			);
			name = GitHubUUITests;
			productName = GitHubUUITests;
			productReference = 4387EAFC1E9222F800A9D6B5 /* GitHubUUITests.xctest */;
			productType = "com.apple.product-type.bundle.ui-testing";
		};
/* End PBXNativeTarget section */

/* Begin PBXProject section */
		4387EAD51E9222F800A9D6B5 /* Project object */ = {
			isa = PBXProject;
			attributes = {
				LastSwiftUpdateCheck = 0830;
				LastUpgradeCheck = 0830;
				ORGANIZATIONNAME = AmicableSoft;
				TargetAttributes = {
					4387EADC1E9222F800A9D6B5 = {
						CreatedOnToolsVersion = 8.3;
						DevelopmentTeam = 83ERWMLM64;
						ProvisioningStyle = Automatic;
					};
					4387EAF01E9222F800A9D6B5 = {
						CreatedOnToolsVersion = 8.3;
						ProvisioningStyle = Automatic;
						TestTargetID = 4387EADC1E9222F800A9D6B5;
					};
					4387EAFB1E9222F800A9D6B5 = {
						CreatedOnToolsVersion = 8.3;
						ProvisioningStyle = Automatic;
						TestTargetID = 4387EADC1E9222F800A9D6B5;
					};
				};
			};
			buildConfigurationList = 4387EAD81E9222F800A9D6B5 /* Build configuration list for PBXProject "GitHubU" */;
			compatibilityVersion = "Xcode 3.2";
			developmentRegion = English;
			hasScannedForEncodings = 0;
			knownRegions = (
				en,
				Base,
			);
			mainGroup = 4387EAD41E9222F800A9D6B5;
			productRefGroup = 4387EADE1E9222F800A9D6B5 /* Products */;
			projectDirPath = "";
			projectRoot = "";
			targets = (
				4387EADC1E9222F800A9D6B5 /* GitHubU */,
				4387EAF01E9222F800A9D6B5 /* GitHubUTests */,
				4387EAFB1E9222F800A9D6B5 /* GitHubUUITests */,
			);
		};
/* End PBXProject section */

/* Begin PBXResourcesBuildPhase section */
		4387EADB1E9222F800A9D6B5 /* Resources */ = {
			isa = PBXResourcesBuildPhase;
			buildActionMask = 2147483647;
			files = (
				4387EAEB1E9222F800A9D6B5 /* LaunchScreen.storyboard in Resources */,
				4387EB241E923C7D00A9D6B5 /* Localizable.strings in Resources */,
				4387EAE81E9222F800A9D6B5 /* Assets.xcassets in Resources */,
				4387EAE61E9222F800A9D6B5 /* Main.storyboard in Resources */,
			);
			runOnlyForDeploymentPostprocessing = 0;
		};
		4387EAEF1E9222F800A9D6B5 /* Resources */ = {
			isa = PBXResourcesBuildPhase;
			buildActionMask = 2147483647;
			files = (
			);
			runOnlyForDeploymentPostprocessing = 0;
		};
		4387EAFA1E9222F800A9D6B5 /* Resources */ = {
			isa = PBXResourcesBuildPhase;
			buildActionMask = 2147483647;
			files = (
			);
			runOnlyForDeploymentPostprocessing = 0;
		};
/* End PBXResourcesBuildPhase section */

/* Begin PBXShellScriptBuildPhase section */
		17B6D1466428CD2633208579 /* [CP] Copy Pods Resources */ = {
			isa = PBXShellScriptBuildPhase;
			buildActionMask = 2147483647;
			files = (
			);
			inputPaths = (
			);
			name = "[CP] Copy Pods Resources";
			outputPaths = (
			);
			runOnlyForDeploymentPostprocessing = 0;
			shellPath = /bin/sh;
			shellScript = "\"${SRCROOT}/Pods/Target Support Files/Pods-GitHubUUITests/Pods-GitHubUUITests-resources.sh\"\n";
			showEnvVarsInLog = 0;
		};
		1BF4E4F4505900075D5AFF62 /* [CP] Copy Pods Resources */ = {
			isa = PBXShellScriptBuildPhase;
			buildActionMask = 2147483647;
			files = (
			);
			inputPaths = (
			);
			name = "[CP] Copy Pods Resources";
			outputPaths = (
			);
			runOnlyForDeploymentPostprocessing = 0;
			shellPath = /bin/sh;
			shellScript = "\"${SRCROOT}/Pods/Target Support Files/Pods-GitHubU-GitHubUTests/Pods-GitHubU-GitHubUTests-resources.sh\"\n";
			showEnvVarsInLog = 0;
		};
		54A70ABB75B0F599471AF6C8 /* [CP] Embed Pods Frameworks */ = {
			isa = PBXShellScriptBuildPhase;
			buildActionMask = 2147483647;
			files = (
			);
			inputPaths = (
			);
			name = "[CP] Embed Pods Frameworks";
			outputPaths = (
			);
			runOnlyForDeploymentPostprocessing = 0;
			shellPath = /bin/sh;
			shellScript = "\"${SRCROOT}/Pods/Target Support Files/Pods-GitHubUUITests/Pods-GitHubUUITests-frameworks.sh\"\n";
			showEnvVarsInLog = 0;
		};
		56DB1288252AF14DEE70A85D /* [CP] Check Pods Manifest.lock */ = {
			isa = PBXShellScriptBuildPhase;
			buildActionMask = 2147483647;
			files = (
			);
			inputPaths = (
			);
			name = "[CP] Check Pods Manifest.lock";
			outputPaths = (
			);
			runOnlyForDeploymentPostprocessing = 0;
			shellPath = /bin/sh;
			shellScript = "diff \"${PODS_ROOT}/../Podfile.lock\" \"${PODS_ROOT}/Manifest.lock\" > /dev/null\nif [ $? != 0 ] ; then\n    # print error to STDERR\n    echo \"error: The sandbox is not in sync with the Podfile.lock. Run 'pod install' or update your CocoaPods installation.\" >&2\n    exit 1\nfi\n";
			showEnvVarsInLog = 0;
		};
		6592354068DF3393637E6051 /* [CP] Check Pods Manifest.lock */ = {
			isa = PBXShellScriptBuildPhase;
			buildActionMask = 2147483647;
			files = (
			);
			inputPaths = (
			);
			name = "[CP] Check Pods Manifest.lock";
			outputPaths = (
			);
			runOnlyForDeploymentPostprocessing = 0;
			shellPath = /bin/sh;
			shellScript = "diff \"${PODS_ROOT}/../Podfile.lock\" \"${PODS_ROOT}/Manifest.lock\" > /dev/null\nif [ $? != 0 ] ; then\n    # print error to STDERR\n    echo \"error: The sandbox is not in sync with the Podfile.lock. Run 'pod install' or update your CocoaPods installation.\" >&2\n    exit 1\nfi\n";
			showEnvVarsInLog = 0;
		};
		6B688711D5FA8A1AC397441D /* [CP] Embed Pods Frameworks */ = {
			isa = PBXShellScriptBuildPhase;
			buildActionMask = 2147483647;
			files = (
			);
			inputPaths = (
			);
			name = "[CP] Embed Pods Frameworks";
			outputPaths = (
			);
			runOnlyForDeploymentPostprocessing = 0;
			shellPath = /bin/sh;
			shellScript = "\"${SRCROOT}/Pods/Target Support Files/Pods-GitHubU-GitHubUTests/Pods-GitHubU-GitHubUTests-frameworks.sh\"\n";
			showEnvVarsInLog = 0;
		};
		7F0304CF19922808D3E5AF8B /* [CP] Embed Pods Frameworks */ = {
			isa = PBXShellScriptBuildPhase;
			buildActionMask = 2147483647;
			files = (
			);
			inputPaths = (
			);
			name = "[CP] Embed Pods Frameworks";
			outputPaths = (
			);
			runOnlyForDeploymentPostprocessing = 0;
			shellPath = /bin/sh;
			shellScript = "\"${SRCROOT}/Pods/Target Support Files/Pods-GitHubU/Pods-GitHubU-frameworks.sh\"\n";
			showEnvVarsInLog = 0;
		};
		97FA0ACE1B3D8EC0571FE35A /* [CP] Copy Pods Resources */ = {
			isa = PBXShellScriptBuildPhase;
			buildActionMask = 2147483647;
			files = (
			);
			inputPaths = (
			);
			name = "[CP] Copy Pods Resources";
			outputPaths = (
			);
			runOnlyForDeploymentPostprocessing = 0;
			shellPath = /bin/sh;
			shellScript = "\"${SRCROOT}/Pods/Target Support Files/Pods-GitHubU/Pods-GitHubU-resources.sh\"\n";
			showEnvVarsInLog = 0;
		};
		AB9D069075BCE9EC73DB0D8C /* [CP] Check Pods Manifest.lock */ = {
			isa = PBXShellScriptBuildPhase;
			buildActionMask = 2147483647;
			files = (
			);
			inputPaths = (
			);
			name = "[CP] Check Pods Manifest.lock";
			outputPaths = (
			);
			runOnlyForDeploymentPostprocessing = 0;
			shellPath = /bin/sh;
			shellScript = "diff \"${PODS_ROOT}/../Podfile.lock\" \"${PODS_ROOT}/Manifest.lock\" > /dev/null\nif [ $? != 0 ] ; then\n    # print error to STDERR\n    echo \"error: The sandbox is not in sync with the Podfile.lock. Run 'pod install' or update your CocoaPods installation.\" >&2\n    exit 1\nfi\n";
			showEnvVarsInLog = 0;
		};
/* End PBXShellScriptBuildPhase section */

/* Begin PBXSourcesBuildPhase section */
		4387EAD91E9222F800A9D6B5 /* Sources */ = {
			isa = PBXSourcesBuildPhase;
			buildActionMask = 2147483647;
			files = (
				4387EB151E922D3D00A9D6B5 /* User.swift in Sources */,
				43B56D6E1E92A6B700EF68B1 /* UserReposPresenter.swift in Sources */,
				43B56D5E1E92660900EF68B1 /* CardView.swift in Sources */,
				43B56D561E925DD300EF68B1 /* UserSearchPresenter.swift in Sources */,
				43B56D621E92788D00EF68B1 /* ReposRepository.swift in Sources */,
				4387EB291E923EA400A9D6B5 /* UsersRepository.swift in Sources */,
				43B56D661E928A0E00EF68B1 /* UserInfoViewHeader.swift in Sources */,
				4387EB401E924A9000A9D6B5 /* ReposApi.swift in Sources */,
				4387EB451E924B7800A9D6B5 /* UserSearchResultDto.swift in Sources */,
				43B56D6A1E9298AF00EF68B1 /* BaseNavigationController.swift in Sources */,
				4387EB211E923C4600A9D6B5 /* MBProgressHUDExtension.swift in Sources */,
				43B56D541E925DC800EF68B1 /* UserSearchView.swift in Sources */,
				4387EB1F1E92383F00A9D6B5 /* StringExtension.swift in Sources */,
				4387EB491E92508300A9D6B5 /* BaseRepository.swift in Sources */,
				4387EB471E924DD300A9D6B5 /* ApiFactory.swift in Sources */,
				4387EB381E9249BA00A9D6B5 /* RxAlamofire.swift in Sources */,
				4387EB3C1E924A2500A9D6B5 /* UsersApi.swift in Sources */,
				43B56D601E9266FD00EF68B1 /* UserRepoViewCell.swift in Sources */,
				4387EB351E9248AF00A9D6B5 /* RxAlamofireExtensions.swift in Sources */,
				43B56D581E925E6D00EF68B1 /* UIAlertControllerExtentions.swift in Sources */,
				4387EB1C1E9234C700A9D6B5 /* UIImageViewExtentions.swift in Sources */,
				4387EB1A1E92349E00A9D6B5 /* UIViewExtentions.swift in Sources */,
				4387EB311E9247BE00A9D6B5 /* URLRequestExtention.swift in Sources */,
				43B56D641E92843800EF68B1 /* UIViewControllerExtentions.swift in Sources */,
				4387EB2B1E923FD000A9D6B5 /* ComponentProvider.swift in Sources */,
				43B56D5B1E92653900EF68B1 /* UserReposController.swift in Sources */,
				4387EB2F1E92474800A9D6B5 /* RestApiClient.swift in Sources */,
				43B56D701E92A6F500EF68B1 /* UserView.swift in Sources */,
				4387EB331E92480D00A9D6B5 /* RequestError.swift in Sources */,
				4387EB111E922AE800A9D6B5 /* UserSearchController.swift in Sources */,
				4387EAE11E9222F800A9D6B5 /* AppDelegate.swift in Sources */,
				4387EB171E922DED00A9D6B5 /* UserViewCell.swift in Sources */,
				4387EB3E1E924A8700A9D6B5 /* SearchApi.swift in Sources */,
				4387EB421E924AF200A9D6B5 /* Repo.swift in Sources */,
				43B56D6C1E92A6AD00EF68B1 /* UserReposView.swift in Sources */,
			);
			runOnlyForDeploymentPostprocessing = 0;
		};
		4387EAED1E9222F800A9D6B5 /* Sources */ = {
			isa = PBXSourcesBuildPhase;
			buildActionMask = 2147483647;
			files = (
				4387EAF61E9222F800A9D6B5 /* GitHubUTests.swift in Sources */,
			);
			runOnlyForDeploymentPostprocessing = 0;
		};
		4387EAF81E9222F800A9D6B5 /* Sources */ = {
			isa = PBXSourcesBuildPhase;
			buildActionMask = 2147483647;
			files = (
				4387EB011E9222F800A9D6B5 /* GitHubUUITests.swift in Sources */,
			);
			runOnlyForDeploymentPostprocessing = 0;
		};
/* End PBXSourcesBuildPhase section */

/* Begin PBXTargetDependency section */
		4387EAF31E9222F800A9D6B5 /* PBXTargetDependency */ = {
			isa = PBXTargetDependency;
			target = 4387EADC1E9222F800A9D6B5 /* GitHubU */;
			targetProxy = 4387EAF21E9222F800A9D6B5 /* PBXContainerItemProxy */;
		};
		4387EAFE1E9222F800A9D6B5 /* PBXTargetDependency */ = {
			isa = PBXTargetDependency;
			target = 4387EADC1E9222F800A9D6B5 /* GitHubU */;
			targetProxy = 4387EAFD1E9222F800A9D6B5 /* PBXContainerItemProxy */;
		};
/* End PBXTargetDependency section */

/* Begin PBXVariantGroup section */
		4387EAE41E9222F800A9D6B5 /* Main.storyboard */ = {
			isa = PBXVariantGroup;
			children = (
				4387EAE51E9222F800A9D6B5 /* Base */,
			);
			name = Main.storyboard;
			sourceTree = "<group>";
		};
		4387EAE91E9222F800A9D6B5 /* LaunchScreen.storyboard */ = {
			isa = PBXVariantGroup;
			children = (
				4387EAEA1E9222F800A9D6B5 /* Base */,
			);
			name = LaunchScreen.storyboard;
			sourceTree = "<group>";
		};
/* End PBXVariantGroup section */

/* Begin XCBuildConfiguration section */
		4387EB031E9222F800A9D6B5 /* Debug */ = {
			isa = XCBuildConfiguration;
			buildSettings = {
				ALWAYS_SEARCH_USER_PATHS = NO;
				CLANG_ANALYZER_NONNULL = YES;
				CLANG_ANALYZER_NUMBER_OBJECT_CONVERSION = YES_AGGRESSIVE;
				CLANG_CXX_LANGUAGE_STANDARD = "gnu++0x";
				CLANG_CXX_LIBRARY = "libc++";
				CLANG_ENABLE_MODULES = YES;
				CLANG_ENABLE_OBJC_ARC = YES;
				CLANG_WARN_BOOL_CONVERSION = YES;
				CLANG_WARN_CONSTANT_CONVERSION = YES;
				CLANG_WARN_DIRECT_OBJC_ISA_USAGE = YES_ERROR;
				CLANG_WARN_DOCUMENTATION_COMMENTS = YES;
				CLANG_WARN_EMPTY_BODY = YES;
				CLANG_WARN_ENUM_CONVERSION = YES;
				CLANG_WARN_INFINITE_RECURSION = YES;
				CLANG_WARN_INT_CONVERSION = YES;
				CLANG_WARN_OBJC_ROOT_CLASS = YES_ERROR;
				CLANG_WARN_SUSPICIOUS_MOVE = YES;
				CLANG_WARN_UNREACHABLE_CODE = YES;
				CLANG_WARN__DUPLICATE_METHOD_MATCH = YES;
				"CODE_SIGN_IDENTITY[sdk=iphoneos*]" = "iPhone Developer";
				COPY_PHASE_STRIP = NO;
				DEBUG_INFORMATION_FORMAT = dwarf;
				ENABLE_STRICT_OBJC_MSGSEND = YES;
				ENABLE_TESTABILITY = YES;
				GCC_C_LANGUAGE_STANDARD = gnu99;
				GCC_DYNAMIC_NO_PIC = NO;
				GCC_NO_COMMON_BLOCKS = YES;
				GCC_OPTIMIZATION_LEVEL = 0;
				GCC_PREPROCESSOR_DEFINITIONS = (
					"DEBUG=1",
					"$(inherited)",
				);
				GCC_WARN_64_TO_32_BIT_CONVERSION = YES;
				GCC_WARN_ABOUT_RETURN_TYPE = YES_ERROR;
				GCC_WARN_UNDECLARED_SELECTOR = YES;
				GCC_WARN_UNINITIALIZED_AUTOS = YES_AGGRESSIVE;
				GCC_WARN_UNUSED_FUNCTION = YES;
				GCC_WARN_UNUSED_VARIABLE = YES;
				IPHONEOS_DEPLOYMENT_TARGET = 9.3;
				MTL_ENABLE_DEBUG_INFO = YES;
				ONLY_ACTIVE_ARCH = YES;
				SDKROOT = iphoneos;
				SWIFT_ACTIVE_COMPILATION_CONDITIONS = DEBUG;
				SWIFT_OPTIMIZATION_LEVEL = "-Onone";
				TARGETED_DEVICE_FAMILY = "1,2";
			};
			name = Debug;
		};
		4387EB041E9222F800A9D6B5 /* Release */ = {
			isa = XCBuildConfiguration;
			buildSettings = {
				ALWAYS_SEARCH_USER_PATHS = NO;
				CLANG_ANALYZER_NONNULL = YES;
				CLANG_ANALYZER_NUMBER_OBJECT_CONVERSION = YES_AGGRESSIVE;
				CLANG_CXX_LANGUAGE_STANDARD = "gnu++0x";
				CLANG_CXX_LIBRARY = "libc++";
				CLANG_ENABLE_MODULES = YES;
				CLANG_ENABLE_OBJC_ARC = YES;
				CLANG_WARN_BOOL_CONVERSION = YES;
				CLANG_WARN_CONSTANT_CONVERSION = YES;
				CLANG_WARN_DIRECT_OBJC_ISA_USAGE = YES_ERROR;
				CLANG_WARN_DOCUMENTATION_COMMENTS = YES;
				CLANG_WARN_EMPTY_BODY = YES;
				CLANG_WARN_ENUM_CONVERSION = YES;
				CLANG_WARN_INFINITE_RECURSION = YES;
				CLANG_WARN_INT_CONVERSION = YES;
				CLANG_WARN_OBJC_ROOT_CLASS = YES_ERROR;
				CLANG_WARN_SUSPICIOUS_MOVE = YES;
				CLANG_WARN_UNREACHABLE_CODE = YES;
				CLANG_WARN__DUPLICATE_METHOD_MATCH = YES;
				"CODE_SIGN_IDENTITY[sdk=iphoneos*]" = "iPhone Developer";
				COPY_PHASE_STRIP = NO;
				DEBUG_INFORMATION_FORMAT = "dwarf-with-dsym";
				ENABLE_NS_ASSERTIONS = NO;
				ENABLE_STRICT_OBJC_MSGSEND = YES;
				GCC_C_LANGUAGE_STANDARD = gnu99;
				GCC_NO_COMMON_BLOCKS = YES;
				GCC_WARN_64_TO_32_BIT_CONVERSION = YES;
				GCC_WARN_ABOUT_RETURN_TYPE = YES_ERROR;
				GCC_WARN_UNDECLARED_SELECTOR = YES;
				GCC_WARN_UNINITIALIZED_AUTOS = YES_AGGRESSIVE;
				GCC_WARN_UNUSED_FUNCTION = YES;
				GCC_WARN_UNUSED_VARIABLE = YES;
				IPHONEOS_DEPLOYMENT_TARGET = 9.3;
				MTL_ENABLE_DEBUG_INFO = NO;
				SDKROOT = iphoneos;
				SWIFT_OPTIMIZATION_LEVEL = "-Owholemodule";
				TARGETED_DEVICE_FAMILY = "1,2";
				VALIDATE_PRODUCT = YES;
			};
			name = Release;
		};
		4387EB061E9222F800A9D6B5 /* Debug */ = {
			isa = XCBuildConfiguration;
			baseConfigurationReference = 927DEE52ACFB43D546F4D53F /* Pods-GitHubU.debug.xcconfig */;
			buildSettings = {
				ASSETCATALOG_COMPILER_APPICON_NAME = AppIcon;
				DEVELOPMENT_TEAM = 83ERWMLM64;
				INFOPLIST_FILE = GitHubU/Info.plist;
				LD_RUNPATH_SEARCH_PATHS = "$(inherited) @executable_path/Frameworks";
				PRODUCT_BUNDLE_IDENTIFIER = com.amicablesoft.ghusersbrowser.ios;
				PRODUCT_NAME = "$(TARGET_NAME)";
				SWIFT_VERSION = 3.0;
			};
			name = Debug;
		};
		4387EB071E9222F800A9D6B5 /* Release */ = {
			isa = XCBuildConfiguration;
			baseConfigurationReference = 89ACBC36277FC5CA75E685D3 /* Pods-GitHubU.release.xcconfig */;
			buildSettings = {
				ASSETCATALOG_COMPILER_APPICON_NAME = AppIcon;
				DEVELOPMENT_TEAM = 83ERWMLM64;
				INFOPLIST_FILE = GitHubU/Info.plist;
				LD_RUNPATH_SEARCH_PATHS = "$(inherited) @executable_path/Frameworks";
				PRODUCT_BUNDLE_IDENTIFIER = com.amicablesoft.ghusersbrowser.ios;
				PRODUCT_NAME = "$(TARGET_NAME)";
				SWIFT_VERSION = 3.0;
			};
			name = Release;
		};
		4387EB091E9222F800A9D6B5 /* Debug */ = {
			isa = XCBuildConfiguration;
			baseConfigurationReference = 3C509684CF1F2341E8DABE6C /* Pods-GitHubU-GitHubUTests.debug.xcconfig */;
			buildSettings = {
				ALWAYS_EMBED_SWIFT_STANDARD_LIBRARIES = "$(inherited)";
				BUNDLE_LOADER = "$(TEST_HOST)";
				INFOPLIST_FILE = GitHubUTests/Info.plist;
				LD_RUNPATH_SEARCH_PATHS = "$(inherited) @executable_path/Frameworks @loader_path/Frameworks";
				PRODUCT_BUNDLE_IDENTIFIER = com.amicablesoft.ghusersbrowser.ios.GitHubUTests;
				PRODUCT_NAME = "$(TARGET_NAME)";
				SWIFT_VERSION = 3.0;
				TEST_HOST = "$(BUILT_PRODUCTS_DIR)/GitHubU.app/GitHubU";
			};
			name = Debug;
		};
		4387EB0A1E9222F800A9D6B5 /* Release */ = {
			isa = XCBuildConfiguration;
			baseConfigurationReference = 9FD3CEC09B7870A95D402E4E /* Pods-GitHubU-GitHubUTests.release.xcconfig */;
			buildSettings = {
				ALWAYS_EMBED_SWIFT_STANDARD_LIBRARIES = "$(inherited)";
				BUNDLE_LOADER = "$(TEST_HOST)";
				INFOPLIST_FILE = GitHubUTests/Info.plist;
				LD_RUNPATH_SEARCH_PATHS = "$(inherited) @executable_path/Frameworks @loader_path/Frameworks";
				PRODUCT_BUNDLE_IDENTIFIER = com.amicablesoft.ghusersbrowser.ios.GitHubUTests;
				PRODUCT_NAME = "$(TARGET_NAME)";
				SWIFT_VERSION = 3.0;
				TEST_HOST = "$(BUILT_PRODUCTS_DIR)/GitHubU.app/GitHubU";
			};
			name = Release;
		};
		4387EB0C1E9222F800A9D6B5 /* Debug */ = {
			isa = XCBuildConfiguration;
			baseConfigurationReference = 37583A60500D456196489F77 /* Pods-GitHubUUITests.debug.xcconfig */;
			buildSettings = {
				ALWAYS_EMBED_SWIFT_STANDARD_LIBRARIES = "$(inherited)";
				INFOPLIST_FILE = GitHubUUITests/Info.plist;
				LD_RUNPATH_SEARCH_PATHS = "$(inherited) @executable_path/Frameworks @loader_path/Frameworks";
				PRODUCT_BUNDLE_IDENTIFIER = com.amicablesoft.ghusersbrowser.ios.GitHubUUITests;
				PRODUCT_NAME = "$(TARGET_NAME)";
				SWIFT_VERSION = 3.0;
				TEST_TARGET_NAME = GitHubU;
			};
			name = Debug;
		};
		4387EB0D1E9222F800A9D6B5 /* Release */ = {
			isa = XCBuildConfiguration;
			baseConfigurationReference = E76F1F609966F6D8CFDF1478 /* Pods-GitHubUUITests.release.xcconfig */;
			buildSettings = {
				ALWAYS_EMBED_SWIFT_STANDARD_LIBRARIES = "$(inherited)";
				INFOPLIST_FILE = GitHubUUITests/Info.plist;
				LD_RUNPATH_SEARCH_PATHS = "$(inherited) @executable_path/Frameworks @loader_path/Frameworks";
				PRODUCT_BUNDLE_IDENTIFIER = com.amicablesoft.ghusersbrowser.ios.GitHubUUITests;
				PRODUCT_NAME = "$(TARGET_NAME)";
				SWIFT_VERSION = 3.0;
				TEST_TARGET_NAME = GitHubU;
			};
			name = Release;
		};
/* End XCBuildConfiguration section */

/* Begin XCConfigurationList section */
		4387EAD81E9222F800A9D6B5 /* Build configuration list for PBXProject "GitHubU" */ = {
			isa = XCConfigurationList;
			buildConfigurations = (
				4387EB031E9222F800A9D6B5 /* Debug */,
				4387EB041E9222F800A9D6B5 /* Release */,
			);
			defaultConfigurationIsVisible = 0;
			defaultConfigurationName = Release;
		};
		4387EB051E9222F800A9D6B5 /* Build configuration list for PBXNativeTarget "GitHubU" */ = {
			isa = XCConfigurationList;
			buildConfigurations = (
				4387EB061E9222F800A9D6B5 /* Debug */,
				4387EB071E9222F800A9D6B5 /* Release */,
			);
			defaultConfigurationIsVisible = 0;
			defaultConfigurationName = Release;
		};
		4387EB081E9222F800A9D6B5 /* Build configuration list for PBXNativeTarget "GitHubUTests" */ = {
			isa = XCConfigurationList;
			buildConfigurations = (
				4387EB091E9222F800A9D6B5 /* Debug */,
				4387EB0A1E9222F800A9D6B5 /* Release */,
			);
			defaultConfigurationIsVisible = 0;
			defaultConfigurationName = Release;
		};
		4387EB0B1E9222F800A9D6B5 /* Build configuration list for PBXNativeTarget "GitHubUUITests" */ = {
			isa = XCConfigurationList;
			buildConfigurations = (
				4387EB0C1E9222F800A9D6B5 /* Debug */,
				4387EB0D1E9222F800A9D6B5 /* Release */,
			);
			defaultConfigurationIsVisible = 0;
			defaultConfigurationName = Release;
		};
/* End XCConfigurationList section */
	};
	rootObject = 4387EAD51E9222F800A9D6B5 /* Project object */;
}
